
Microsoft Visual Studio Solution File, Format Version 12.00
# Visual Studio 15
Project("{FAE04EC0-301F-11D3-BF4B-00C04F79EFBC}") = "Assembly-CSharp", "Assembly-CSharp.csproj", "{BFEA46C9-DB7E-95D2-7986-D90A09ADD32C}"
EndProject
Project("{FAE04EC0-301F-11D3-BF4B-00C04F79EFBC}") = "Assembly-CSharp-Editor", "Assembly-CSharp-Editor.csproj", "{C6BA3BA9-AEAE-CF56-E263-F021208ABCEB}"
EndProject
Global
	GlobalSection(SolutionConfigurationPlatforms) = preSolution
		Debug|Any CPU = Debug|Any CPU
		Release|Any CPU = Release|Any CPU
	EndGlobalSection
	GlobalSection(ProjectConfigurationPlatforms) = postSolution
		{BFEA46C9-DB7E-95D2-7986-D90A09ADD32C}.Debug|Any CPU.ActiveCfg = Debug|Any CPU
		{BFEA46C9-DB7E-95D2-7986-D90A09ADD32C}.Debug|Any CPU.Build.0 = Debug|Any CPU
		{BFEA46C9-DB7E-95D2-7986-D90A09ADD32C}.Release|Any CPU.ActiveCfg = Release|Any CPU
		{BFEA46C9-DB7E-95D2-7986-D90A09ADD32C}.Release|Any CPU.Build.0 = Release|Any CPU
		{C6BA3BA9-AEAE-CF56-E263-F021208ABCEB}.Debug|Any CPU.ActiveCfg = Debug|Any CPU
		{C6BA3BA9-AEAE-CF56-E263-F021208ABCEB}.Debug|Any CPU.Build.0 = Debug|Any CPU
		{C6BA3BA9-AEAE-CF56-E263-F021208ABCEB}.Release|Any CPU.ActiveCfg = Release|Any CPU
		{C6BA3BA9-AEAE-CF56-E263-F021208ABCEB}.Release|Any CPU.Build.0 = Release|Any CPU
	EndGlobalSection
	GlobalSection(SolutionProperties) = preSolution
		HideSolutionNode = FALSE
	EndGlobalSection
EndGlobal
